
Microsoft Visual Studio Solution File, Format Version 12.00
# Visual Studio Version 17
VisualStudioVersion = 17.0.32014.148
MinimumVisualStudioVersion = 10.0.40219.1
Project("{FAE04EC0-301F-11D3-BF4B-00C04F79EFBC}") = "ScheduleApp", "WindowsFormsApp1\ScheduleApp.csproj", "{D03105AF-03BD-439B-997E-72C6F15B20B0}"
EndProject
Global
	GlobalSection(SolutionConfigurationPlatforms) = preSolution
		Debug|Any CPU = Debug|Any CPU
		Release|Any CPU = Release|Any CPU
	EndGlobalSection
	GlobalSection(ProjectConfigurationPlatforms) = postSolution
		{D03105AF-03BD-439B-997E-72C6F15B20B0}.Debug|Any CPU.ActiveCfg = Debug|Any CPU
		{D03105AF-03BD-439B-997E-72C6F15B20B0}.Debug|Any CPU.Build.0 = Debug|Any CPU
		{D03105AF-03BD-439B-997E-72C6F15B20B0}.Release|Any CPU.ActiveCfg = Release|Any CPU
		{D03105AF-03BD-439B-997E-72C6F15B20B0}.Release|Any CPU.Build.0 = Release|Any CPU
	EndGlobalSection
	GlobalSection(SolutionProperties) = preSolution
		HideSolutionNode = FALSE
	EndGlobalSection
	GlobalSection(ExtensibilityGlobals) = postSolution
		SolutionGuid = {8635DB0B-88CA-41EA-B182-6B91CC60BD74}
	EndGlobalSection
EndGlobal
